
Microsoft Visual Studio Solution File, Format Version 12.00
# Visual Studio 15
Project("{FAE04EC0-301F-11D3-BF4B-00C04F79EFBC}") = "Assembly-CSharp", "Assembly-CSharp.csproj", "{5E321B63-242A-9610-292F-1302F3202507}"
EndProject
Project("{FAE04EC0-301F-11D3-BF4B-00C04F79EFBC}") = "Assembly-CSharp-firstpass", "Assembly-CSharp-firstpass.csproj", "{AEE10D37-626A-4748-FF56-4D63555A65E5}"
EndProject
Project("{FAE04EC0-301F-11D3-BF4B-00C04F79EFBC}") = "Assembly-CSharp-Editor-firstpass", "Assembly-CSharp-Editor-firstpass.csproj", "{ADF628EA-F94F-23C4-B340-4858F0C2EB6C}"
EndProject
Global
	GlobalSection(SolutionConfigurationPlatforms) = preSolution
		Debug|Any CPU = Debug|Any CPU
		Release|Any CPU = Release|Any CPU
	EndGlobalSection
	GlobalSection(ProjectConfigurationPlatforms) = postSolution
		{5E321B63-242A-9610-292F-1302F3202507}.Debug|Any CPU.ActiveCfg = Debug|Any CPU
		{5E321B63-242A-9610-292F-1302F3202507}.Debug|Any CPU.Build.0 = Debug|Any CPU
		{5E321B63-242A-9610-292F-1302F3202507}.Release|Any CPU.ActiveCfg = Release|Any CPU
		{5E321B63-242A-9610-292F-1302F3202507}.Release|Any CPU.Build.0 = Release|Any CPU
		{AEE10D37-626A-4748-FF56-4D63555A65E5}.Debug|Any CPU.ActiveCfg = Debug|Any CPU
		{AEE10D37-626A-4748-FF56-4D63555A65E5}.Debug|Any CPU.Build.0 = Debug|Any CPU
		{AEE10D37-626A-4748-FF56-4D63555A65E5}.Release|Any CPU.ActiveCfg = Release|Any CPU
		{AEE10D37-626A-4748-FF56-4D63555A65E5}.Release|Any CPU.Build.0 = Release|Any CPU
		{ADF628EA-F94F-23C4-B340-4858F0C2EB6C}.Debug|Any CPU.ActiveCfg = Debug|Any CPU
		{ADF628EA-F94F-23C4-B340-4858F0C2EB6C}.Debug|Any CPU.Build.0 = Debug|Any CPU
		{ADF628EA-F94F-23C4-B340-4858F0C2EB6C}.Release|Any CPU.ActiveCfg = Release|Any CPU
		{ADF628EA-F94F-23C4-B340-4858F0C2EB6C}.Release|Any CPU.Build.0 = Release|Any CPU
	EndGlobalSection
	GlobalSection(SolutionProperties) = preSolution
		HideSolutionNode = FALSE
	EndGlobalSection
EndGlobal
